# THIS IS AN AUTOGENERATED FILE. DO NOT EDIT THIS FILE DIRECTLY.
# yarn lockfile v1


react-csv@^2.0.3:
  version "2.0.3"
  resolved "https://registry.yarnpkg.com/react-csv/-/react-csv-2.0.3.tgz#f5d17a3c71107d9bcbe580049350200debdc042a"
  integrity sha512-exyAdFLAxtuM4wNwLYrlKyPYLiJ7e0mv9tqPAd3kq+k1CiJFtznevR3yP0icv5q/y200w+lzNgi7TQn1Wrhu0w==
